
Microsoft Visual Studio Solution File, Format Version 12.00
# Visual Studio 2013
VisualStudioVersion = 12.0.21005.1
MinimumVisualStudioVersion = 10.0.40219.1
Project("{FAE04EC0-301F-11D3-BF4B-00C04F79EFBC}") = "Setup", "nMapAnalysisTool\Setup.csproj", "{D52DF892-CF60-457E-9F2B-937BDDAFC873}"
EndProject
Project("{FAE04EC0-301F-11D3-BF4B-00C04F79EFBC}") = "SharedLibrary", "SharedLibrary\SharedLibrary.csproj", "{4C7DD863-70E9-43F3-93E2-42B3C25B249C}"
EndProject
Project("{FAE04EC0-301F-11D3-BF4B-00C04F79EFBC}") = "SqlInterface", "SqlInterface\SqlInterface.csproj", "{67C9D9D9-CF5E-4C40-8409-8D28041EE5FE}"
EndProject
Global
	GlobalSection(SolutionConfigurationPlatforms) = preSolution
		Debug|Any CPU = Debug|Any CPU
		Release|Any CPU = Release|Any CPU
	EndGlobalSection
	GlobalSection(ProjectConfigurationPlatforms) = postSolution
		{D52DF892-CF60-457E-9F2B-937BDDAFC873}.Debug|Any CPU.ActiveCfg = Debug|Any CPU
		{D52DF892-CF60-457E-9F2B-937BDDAFC873}.Debug|Any CPU.Build.0 = Debug|Any CPU
		{D52DF892-CF60-457E-9F2B-937BDDAFC873}.Release|Any CPU.ActiveCfg = Release|Any CPU
		{D52DF892-CF60-457E-9F2B-937BDDAFC873}.Release|Any CPU.Build.0 = Release|Any CPU
		{4C7DD863-70E9-43F3-93E2-42B3C25B249C}.Debug|Any CPU.ActiveCfg = Debug|Any CPU
		{4C7DD863-70E9-43F3-93E2-42B3C25B249C}.Debug|Any CPU.Build.0 = Debug|Any CPU
		{4C7DD863-70E9-43F3-93E2-42B3C25B249C}.Release|Any CPU.ActiveCfg = Release|Any CPU
		{4C7DD863-70E9-43F3-93E2-42B3C25B249C}.Release|Any CPU.Build.0 = Release|Any CPU
		{67C9D9D9-CF5E-4C40-8409-8D28041EE5FE}.Debug|Any CPU.ActiveCfg = Debug|Any CPU
		{67C9D9D9-CF5E-4C40-8409-8D28041EE5FE}.Debug|Any CPU.Build.0 = Debug|Any CPU
		{67C9D9D9-CF5E-4C40-8409-8D28041EE5FE}.Release|Any CPU.ActiveCfg = Release|Any CPU
		{67C9D9D9-CF5E-4C40-8409-8D28041EE5FE}.Release|Any CPU.Build.0 = Release|Any CPU
	EndGlobalSection
	GlobalSection(SolutionProperties) = preSolution
		HideSolutionNode = FALSE
	EndGlobalSection
	GlobalSection(ExtensibilityGlobals) = postSolution
		VisualSVNWorkingCopyRoot = .
	EndGlobalSection
EndGlobal
